hash: 16bef4d535574497076d960377e5ac07843eda7e2706e1f1accc0d24b112d372
updated: 2017-12-26T15:08:33.561377+07:00
imports:
- name: github.com/cloudflare/cloudflare-go
  version: da8999bdb24a34c4a82a119d184f8336a979b215
- name: github.com/pkg/errors
  version: e881fd58d78e04cf6d0de1217f8707c8cc2249bc
- name: github.com/urfave/cli
  version: cfb38830724cc34fedffe9a2a29fb54fa9169cd1
testImports: []
