# This file is autogenerated, do not edit; changes may be undone by the next 'dep ensure'.


[[projects]]
  name = "github.com/Masterminds/semver"
  packages = ["."]
  revision = "59c29afe1a994eacb71c833025ca7acf874bb1da"
  version = "v1.2.2"

[[projects]]
  name = "github.com/Masterminds/sprig"
  packages = ["."]
  revision = "b217b9c388de2cacde4354c536e520c52c055563"
  version = "v2.14.1"

[[projects]]
  name = "github.com/aokoli/goutils"
  packages = ["."]
  revision = "3391d3790d23d03408670993e957e8f408993c34"
  version = "v1.0.1"

[[projects]]
  branch = "master"
  name = "github.com/huandu/xstrings"
  packages = ["."]
  revision = "37469d0c81a7910b49d64a0d308ded4823e90937"

[[projects]]
  name = "github.com/imdario/mergo"
  packages = ["."]
  revision = "7fe0c75c13abdee74b09fcacef5ea1c6bba6a874"
  version = "0.2.4"

[[projects]]
  name = "github.com/satori/go.uuid"
  packages = ["."]
  revision = "879c5887cd475cd7864858769793b2ceb0d44feb"
  version = "v1.1.0"

[[projects]]
  name = "github.com/sirupsen/logrus"
  packages = ["."]
  revision = "d682213848ed68c0a260ca37d6dd5ace8423f5ba"
  version = "v1.0.4"

[[projects]]
  name = "github.com/urfave/cli"
  packages = ["."]
  revision = "cfb38830724cc34fedffe9a2a29fb54fa9169cd1"
  version = "v1.20.0"

[[projects]]
  name = "golang.org/x/crypto"
  packages = [
    "pbkdf2",
    "scrypt",
    "ssh/terminal"
  ]
  revision = "d172538b2cfce0c13cee31e647d0367aa8cd2486"

[[projects]]
  name = "golang.org/x/sys"
  packages = ["unix"]
  revision = "8f0908ab3b2457e2e15403d3697c9ef5cb4b57a9"

[[projects]]
  name = "gopkg.in/yaml.v2"
  packages = ["."]
  revision = "53feefa2559fb8dfa8d81baad31be332c97d6c77"

[solve-meta]
  analyzer-name = "dep"
  analyzer-version = 1
  inputs-digest = "6a8318235fdc5283a071030be88d48756a4ad1a295bcd1ba4914b03ddb2a2c33"
  solver-name = "gps-cdcl"
  solver-version = 1
