# This file is autogenerated, do not edit; changes may be undone by the next 'dep ensure'.


[[projects]]
  name = "github.com/cenkalti/backoff"
  packages = ["."]
  revision = "2ea60e5f094469f9e65adb9cd103795b73ae743e"
  version = "v2.0.0"

[[projects]]
  name = "github.com/urfave/cli"
  packages = ["."]
  revision = "cfb38830724cc34fedffe9a2a29fb54fa9169cd1"
  version = "v1.20.0"

[[projects]]
  branch = "master"
  name = "golang.org/x/net"
  packages = ["context"]
  revision = "89e543239a64caf31d3a6865872ea120b41446df"

[[projects]]
  name = "gopkg.in/zorkian/go-datadog-api.v2"
  packages = ["."]
  revision = "d74ca17e47a9d3708e6203fd48d3f8cdad055e1c"
  version = "v2.10.0"

[solve-meta]
  analyzer-name = "dep"
  analyzer-version = 1
  inputs-digest = "4b208640685ef6d98af44d397736107a77b44e39d15ef21c3bf9bbe8e59b9529"
  solver-name = "gps-cdcl"
  solver-version = 1
